
Microsoft Visual Studio Solution File, Format Version 12.00
# Visual Studio Version 16
VisualStudioVersion = 16.0.30717.126
MinimumVisualStudioVersion = 10.0.40219.1
Project("{9092AA53-FB77-4645-B42D-1CCCA6BD08BD}") = "lekkt", "lekkt.njsproj", "{38BCEB28-E950-4BDB-828C-E199042C987C}"
EndProject
Global
	GlobalSection(SolutionConfigurationPlatforms) = preSolution
		Debug|Any CPU = Debug|Any CPU
		Release|Any CPU = Release|Any CPU
	EndGlobalSection
	GlobalSection(ProjectConfigurationPlatforms) = postSolution
		{38BCEB28-E950-4BDB-828C-E199042C987C}.Debug|Any CPU.ActiveCfg = Debug|Any CPU
		{38BCEB28-E950-4BDB-828C-E199042C987C}.Debug|Any CPU.Build.0 = Debug|Any CPU
		{38BCEB28-E950-4BDB-828C-E199042C987C}.Release|Any CPU.ActiveCfg = Release|Any CPU
		{38BCEB28-E950-4BDB-828C-E199042C987C}.Release|Any CPU.Build.0 = Release|Any CPU
	EndGlobalSection
	GlobalSection(SolutionProperties) = preSolution
		HideSolutionNode = FALSE
	EndGlobalSection
	GlobalSection(ExtensibilityGlobals) = postSolution
		SolutionGuid = {E9F2E199-69E6-4333-AFF7-E217E6856C0F}
	EndGlobalSection
EndGlobal
